{
  "requires": true,
  "lockfileVersion": 1,
  "dependencies": {
    "Datepicker.js": {
      "version": "0.1.1",
      "resolved": "https://registry.npmjs.org/Datepicker.js/-/Datepicker.js-0.1.1.tgz",
      "integrity": "sha512-kY1rEpj63fOZCIoz7FYybcCyb3k8qctuHnluJDgosVwoLMpfZqFGXhmj2OcEM52LGdo1E9sVLH2zF91RnPMAyw=="
    }
  }
}
